// !$*UTF8*$!
{
	archiveVersion = 1;
	classes = {
	};
	objectVersion = 77;
	objects = {

/* Begin PBXBuildFile section */
		01377618031CD817CF2A947B /* SegmentedSetting.swift in Sources */ = {isa = PBXBuildFile; fileRef = CB3E63C25B2774A71B2BAFC2 /* SegmentedSetting.swift */; };
		06A1D948B58F3667A54C1091 /* AnnotationPanelMapping.swift in Sources */ = {isa = PBXBuildFile; fileRef = 1781A6356112D40DF9099D56 /* AnnotationPanelMapping.swift */; };
		06BA5BE0A5AA3486C935ED67 /* AlternatesPopupView.swift in Sources */ = {isa = PBXBuildFile; fileRef = F4B96DBD027FDAC753ED1C22 /* AlternatesPopupView.swift */; };
		0BF14D67296EEAAB284F3BF3 /* TypingChoice.swift in Sources */ = {isa = PBXBuildFile; fileRef = 36AE13BEE6D794E9DE23D745 /* TypingChoice.swift */; };
		0E30F9C34F96DCD74EB9A582 /* TazaFfi.xcframework in Frameworks */ = {isa = PBXBuildFile; fileRef = 574B66EBEC60DDBFD132D9FB /* TazaFfi.xcframework */; };
		0EBD0A6871FBDC412133E853 /* EffectApplication.swift in Sources */ = {isa = PBXBuildFile; fileRef = 98B22DB332A13235C5228104 /* EffectApplication.swift */; };
		12DF9E1CAAA30308638617BC /* PackStore.swift in Sources */ = {isa = PBXBuildFile; fileRef = AEBE767DBD452E15506A5A63 /* PackStore.swift */; };
		16299F7D67AAFAE08620B7FF /* DisplaySettingsList.swift in Sources */ = {isa = PBXBuildFile; fileRef = AB94EB35B02EF2C93E01F12C /* DisplaySettingsList.swift */; };
		17A73285A7A75F1F16D90EE9 /* PopupMenuView.swift in Sources */ = {isa = PBXBuildFile; fileRef = 1CF4D18278033FE3DE2C617D /* PopupMenuView.swift */; };
		1AC4ED72A4D1ABD55DBDFFF1 /* AlternatesPopupView.swift in Sources */ = {isa = PBXBuildFile; fileRef = F4B96DBD027FDAC753ED1C22 /* AlternatesPopupView.swift */; };
		1B9D58FAFD06FE4001F0A48E /* SettingsView.swift in Sources */ = {isa = PBXBuildFile; fileRef = 2D60B214385629A2B76C1A3D /* SettingsView.swift */; };
		1FB4831F382CEB2D369D49F6 /* LanguageRow.swift in Sources */ = {isa = PBXBuildFile; fileRef = 01BCD798ABE7AF90F1CE165D /* LanguageRow.swift */; };
		2150E5C226EA3B063E07E5F8 /* EditorContext.swift in Sources */ = {isa = PBXBuildFile; fileRef = C1B3C673EC53FBF00C3ECA18 /* EditorContext.swift */; };
		2473B9123492205B1BAD2A97 /* CandidateMapping.swift in Sources */ = {isa = PBXBuildFile; fileRef = 4BAC5A7278B04AC671D281E6 /* CandidateMapping.swift */; };
		2632BCD540ED2FE8C7FB6487 /* LayoutPreviewView.swift in Sources */ = {isa = PBXBuildFile; fileRef = 11B1847A1A2B13D5E718F728 /* LayoutPreviewView.swift */; };
		26A0513E4B66D6CE6DB73F41 /* TazaApp.swift in Sources */ = {isa = PBXBuildFile; fileRef = ED73162F9E8CB714176E666F /* TazaApp.swift */; };
		27098E769B9D84F7726959FA /* licenses.json in Resources */ = {isa = PBXBuildFile; fileRef = 8CE8C2DCB81EC0C7F538948B /* licenses.json */; };
		3019F5A031B7115115BC292F /* TazaTheme.swift in Sources */ = {isa = PBXBuildFile; fileRef = 41F6BF764826351F53195B38 /* TazaTheme.swift */; };
		309289BC94398EE6C106B076 /* SoftwareLicenseList.swift in Sources */ = {isa = PBXBuildFile; fileRef = 11124EF9940DBDE9F28B3C42 /* SoftwareLicenseList.swift */; };
		30BDB01EA0873C1877520D3A /* TazaTheme.swift in Sources */ = {isa = PBXBuildFile; fileRef = 41F6BF764826351F53195B38 /* TazaTheme.swift */; };
		344E5A6FE0D3EC8B51350CF7 /* AnnotationPanelView.swift in Sources */ = {isa = PBXBuildFile; fileRef = BD7F2DCB31A1034059A9104A /* AnnotationPanelView.swift */; };
		34F7A6ECDAB1B3EA4D5CB30D /* KeyboardFrameMapping.swift in Sources */ = {isa = PBXBuildFile; fileRef = C7ACF76A88B696CCF90E13C8 /* KeyboardFrameMapping.swift */; };
		369E46DF161F9B435DF3F758 /* PackDistribution.swift in Sources */ = {isa = PBXBuildFile; fileRef = 884F7F9DE893001ADF7495D9 /* PackDistribution.swift */; };
		3E0BC546CC1D731D0B6A3450 /* KeyboardViewController.swift in Sources */ = {isa = PBXBuildFile; fileRef = E277A6F3562678279800454E /* KeyboardViewController.swift */; };
		47C35A51E4A308E3B3946BAC /* LayoutPreviews.swift in Sources */ = {isa = PBXBuildFile; fileRef = A38267BFA749855DFE13554E /* LayoutPreviews.swift */; };
		4CDA141E9710769CBAC775BA /* SettingsModel.swift in Sources */ = {isa = PBXBuildFile; fileRef = ED40848F6BE6D88523CB3C25 /* SettingsModel.swift */; };
		4F214DC30D753E60B9747574 /* LanguagePreferences.swift in Sources */ = {isa = PBXBuildFile; fileRef = EB583ACD6DB1BB697B271FC5 /* LanguagePreferences.swift */; };
		539E3C5526B18312465996BB /* FeedbackSettingsList.swift in Sources */ = {isa = PBXBuildFile; fileRef = BC1A64D4197556C33F14ADD0 /* FeedbackSettingsList.swift */; };
		59D49C2340D7FE5D2D10FABA /* TazaFfi.xcframework in Frameworks */ = {isa = PBXBuildFile; fileRef = 574B66EBEC60DDBFD132D9FB /* TazaFfi.xcframework */; };
		5CA876BE457CF8ABCDC34163 /* TypingOptionLabel.swift in Sources */ = {isa = PBXBuildFile; fileRef = CDB656FE0B6EAD8B48073FC3 /* TypingOptionLabel.swift */; };
		5E4263D489496E09E4383A59 /* PackStore.swift in Sources */ = {isa = PBXBuildFile; fileRef = AEBE767DBD452E15506A5A63 /* PackStore.swift */; };
		60286B95E6BA1ADA04D1C8ED /* LayoutSelectionList.swift in Sources */ = {isa = PBXBuildFile; fileRef = 42120CE65D4808C7B3393EBE /* LayoutSelectionList.swift */; };
		661E6F0225A604E02D3F2A02 /* KeyboardSetupBanner.swift in Sources */ = {isa = PBXBuildFile; fileRef = DE5619E2DE3974851B30CDDE /* KeyboardSetupBanner.swift */; };
		664181C8FD0A6B81B52167E3 /* Localizable.xcstrings in Resources */ = {isa = PBXBuildFile; fileRef = 1F91AB423FD83C61E9B9DD62 /* Localizable.xcstrings */; };
		673A06623585F5156715F929 /* CommonSettingsList.swift in Sources */ = {isa = PBXBuildFile; fileRef = 21D8B8D2DBE633B18E95BE82 /* CommonSettingsList.swift */; };
		67DF2875020268F00A60B403 /* LanguageMenu.swift in Sources */ = {isa = PBXBuildFile; fileRef = 910B762E8BF0BFBEDDD17E8C /* LanguageMenu.swift */; };
		6C91C12D78ED96C9BCFBBC2A /* TypingPreferences.swift in Sources */ = {isa = PBXBuildFile; fileRef = FA49C9A39372AED3BDF64BD5 /* TypingPreferences.swift */; };
		6E18DC897936269EAA6680A1 /* SessionStore.swift in Sources */ = {isa = PBXBuildFile; fileRef = 515CE54238B726C712D07894 /* SessionStore.swift */; };
		6FFBFBA02A06B5C3CC0C0411 /* LanguageListView.swift in Sources */ = {isa = PBXBuildFile; fileRef = 47FA08A2A992BF36356F87B2 /* LanguageListView.swift */; };
		7AFB870A61D0F14A2FB04C4B /* TouchRouting.swift in Sources */ = {isa = PBXBuildFile; fileRef = DA41A1AC36D99B4B3BC513A2 /* TouchRouting.swift */; };
		7B32B855DCE6354F7F23188E /* AnnotationPanelView.swift in Sources */ = {isa = PBXBuildFile; fileRef = BD7F2DCB31A1034059A9104A /* AnnotationPanelView.swift */; };
		857A56BEC78B89D7F063E6BB /* LearningStore.swift in Sources */ = {isa = PBXBuildFile; fileRef = 8A599D679961790DCA7854EE /* LearningStore.swift */; };
		888FF4EC074F61478D12D18A /* PreferencesTests.swift in Sources */ = {isa = PBXBuildFile; fileRef = 007595E2A48501E1CD1E50EE /* PreferencesTests.swift */; };
		8AE37173517D738F2253777E /* ShiftDoubleTap.swift in Sources */ = {isa = PBXBuildFile; fileRef = 989BA2A46EED62AA7993C202 /* ShiftDoubleTap.swift */; };
		8E5AF29409A34ECA1642E37B /* taza_ffi.swift in Sources */ = {isa = PBXBuildFile; fileRef = 09D758E33FF50C0D459ED005 /* taza_ffi.swift */; };
		9032338949864FFA3D3163E8 /* KeyboardPreferences.swift in Sources */ = {isa = PBXBuildFile; fileRef = 480B324EF897B1A8E20D1B49 /* KeyboardPreferences.swift */; };
		9539BFEC959DA105142ABD41 /* ShortcutStore.swift in Sources */ = {isa = PBXBuildFile; fileRef = F98CF245BF37A93C962D777F /* ShortcutStore.swift */; };
		985D52154ACD24EF1991EB7F /* KeyCapView.swift in Sources */ = {isa = PBXBuildFile; fileRef = D73EC3E65D47C2BDD32ACE91 /* KeyCapView.swift */; };
		9A68A8DF12A9534D11183FEE /* taza_ffi.swift in Sources */ = {isa = PBXBuildFile; fileRef = 09D758E33FF50C0D459ED005 /* taza_ffi.swift */; };
		A4C42B0C343DF0FB1AC2133F /* TazaKeyboard.appex in Embed Foundation Extensions */ = {isa = PBXBuildFile; fileRef = D2F92E8CE1713F64464B2F31 /* TazaKeyboard.appex */; settings = {ATTRIBUTES = (RemoveHeadersOnCopy, ); }; };
		A531EF39E67EC05F516D3FBE /* KeyboardTestSection.swift in Sources */ = {isa = PBXBuildFile; fileRef = 73844943B471DF8C41B96440 /* KeyboardTestSection.swift */; };
		A660A3613607C4DB4AA53CDC /* ShortcutSettingsList.swift in Sources */ = {isa = PBXBuildFile; fileRef = 50C0A331AAAEA999B48CE657 /* ShortcutSettingsList.swift */; };
		A913D77B7DA74FB9119D22F5 /* PackLibraryModel.swift in Sources */ = {isa = PBXBuildFile; fileRef = 0A9F2E0D96CBED61EDEBDEE0 /* PackLibraryModel.swift */; };
		AC92F432D188D428E90E2BD7 /* LanguageSettingsList.swift in Sources */ = {isa = PBXBuildFile; fileRef = E9FD9DA9F003377C1F360079 /* LanguageSettingsList.swift */; };
		AE6553F4A4D5E3D67C2BB52F /* BackspaceRepeat.swift in Sources */ = {isa = PBXBuildFile; fileRef = 197BEC06EBEA05C5B798CF98 /* BackspaceRepeat.swift */; };
		B0D4781E4A11C172CA21DC67 /* LicenseCatalogTests.swift in Sources */ = {isa = PBXBuildFile; fileRef = C8365422EF081E7D29B1F1FD /* LicenseCatalogTests.swift */; };
		B8187905C56EB7C54276ACBF /* AlternatesPopup.swift in Sources */ = {isa = PBXBuildFile; fileRef = 59B2EC2C7693A3A9DDE73318 /* AlternatesPopup.swift */; };
		B8BAAABBD9299848CAA18DCB /* KeyboardGridView.swift in Sources */ = {isa = PBXBuildFile; fileRef = 231812FDBF992843227998D5 /* KeyboardGridView.swift */; };
		BBA947F49AD25E089A393156 /* PopupMenuView.swift in Sources */ = {isa = PBXBuildFile; fileRef = 1CF4D18278033FE3DE2C617D /* PopupMenuView.swift */; };
		BBE5DF3D9481195887C2E4A9 /* CandidateBarView.swift in Sources */ = {isa = PBXBuildFile; fileRef = A063705662AC7D869C6B9CA8 /* CandidateBarView.swift */; };
		C066FD2CD8ACBB461667903D /* PackStatusView.swift in Sources */ = {isa = PBXBuildFile; fileRef = 97EA25FFF6838055C42F3B03 /* PackStatusView.swift */; };
		C7C9B683DB71387D4D5E804D /* PrivacySettingsList.swift in Sources */ = {isa = PBXBuildFile; fileRef = DA51666AEF37FB71B4B34D32 /* PrivacySettingsList.swift */; };
		CBA4DEC3ACEEE242F08D7FEB /* KeyboardPreferences.swift in Sources */ = {isa = PBXBuildFile; fileRef = 480B324EF897B1A8E20D1B49 /* KeyboardPreferences.swift */; };
		CCADD90DB3082407C92D6097 /* LayoutPreviews.swift in Sources */ = {isa = PBXBuildFile; fileRef = A38267BFA749855DFE13554E /* LayoutPreviews.swift */; };
		D0A86A286AB073345D1831D1 /* LayoutTileGrid.swift in Sources */ = {isa = PBXBuildFile; fileRef = A8B8CA385825E4BAC4F0F04D /* LayoutTileGrid.swift */; };
		D0F50B25E8B9912590AF991C /* Localizable.xcstrings in Resources */ = {isa = PBXBuildFile; fileRef = 05D205DDAE097E35FD4E8199 /* Localizable.xcstrings */; };
		D9BC3D52CB9C0EEABAD2DD39 /* KeyCapView.swift in Sources */ = {isa = PBXBuildFile; fileRef = D73EC3E65D47C2BDD32ACE91 /* KeyCapView.swift */; };
		DAF85976985AC34C7DB9FBE7 /* SoftwareLicenseCatalog.swift in Sources */ = {isa = PBXBuildFile; fileRef = DB8EC06674009A020B53E258 /* SoftwareLicenseCatalog.swift */; };
		E0F0F44036B3A32B2195EFC8 /* TypingPreferences.swift in Sources */ = {isa = PBXBuildFile; fileRef = FA49C9A39372AED3BDF64BD5 /* TypingPreferences.swift */; };
		E26CFB5D0C58A8C994366F2E /* SettingsBroadcast.swift in Sources */ = {isa = PBXBuildFile; fileRef = 1962F2077395F0F49315502C /* SettingsBroadcast.swift */; };
		E7DB950DBB2073CB6F636C27 /* TypingSettingsList.swift in Sources */ = {isa = PBXBuildFile; fileRef = B6019901E8C1B63347D74AA0 /* TypingSettingsList.swift */; };
		E8EFF20B9BD72F4F70F27FD8 /* CandidateBarView.swift in Sources */ = {isa = PBXBuildFile; fileRef = A063705662AC7D869C6B9CA8 /* CandidateBarView.swift */; };
		E973811921C023B99C178023 /* KeyboardGridView.swift in Sources */ = {isa = PBXBuildFile; fileRef = 231812FDBF992843227998D5 /* KeyboardGridView.swift */; };
		EB90C520995BD7F1DE680B98 /* LayoutPreviewView.swift in Sources */ = {isa = PBXBuildFile; fileRef = 11B1847A1A2B13D5E718F728 /* LayoutPreviewView.swift */; };
		EE063B6901756837FB1E0522 /* PackDistribution.swift in Sources */ = {isa = PBXBuildFile; fileRef = 884F7F9DE893001ADF7495D9 /* PackDistribution.swift */; };
		EF91DFC274CB7EE0DE2FC447 /* LanguagePreferences.swift in Sources */ = {isa = PBXBuildFile; fileRef = EB583ACD6DB1BB697B271FC5 /* LanguagePreferences.swift */; };
		F8983FBD55F08668E36BEF0B /* SettingsBroadcast.swift in Sources */ = {isa = PBXBuildFile; fileRef = 1962F2077395F0F49315502C /* SettingsBroadcast.swift */; };
		F91A4724EB671814FAF885B0 /* ShortcutStore.swift in Sources */ = {isa = PBXBuildFile; fileRef = F98CF245BF37A93C962D777F /* ShortcutStore.swift */; };
		FA7EBAF4DF3462006A206826 /* LearningStore.swift in Sources */ = {isa = PBXBuildFile; fileRef = 8A599D679961790DCA7854EE /* LearningStore.swift */; };
		FA80F36305EBB2C36AD14416 /* english.tazapack in Resources */ = {isa = PBXBuildFile; fileRef = 967EC11F78904F1D768ACEFF /* english.tazapack */; };
		FAE569B9B977DFEAF23FD1F9 /* PackSourceList.swift in Sources */ = {isa = PBXBuildFile; fileRef = 2DA837A1A6867D6AE4419664 /* PackSourceList.swift */; };
		FE4BAC95B229A8A4B80AE091 /* KeyboardFrameMapping.swift in Sources */ = {isa = PBXBuildFile; fileRef = C7ACF76A88B696CCF90E13C8 /* KeyboardFrameMapping.swift */; };
/* End PBXBuildFile section */

/* Begin PBXContainerItemProxy section */
		2CCDC74345DB293EDBA5CF83 /* PBXContainerItemProxy */ = {
			isa = PBXContainerItemProxy;
			containerPortal = FC2558B2212EBAD8707B3E9B /* Project object */;
			proxyType = 1;
			remoteGlobalIDString = 681575DCA25D06EF9948EC2B;
			remoteInfo = TazaApp;
		};
		F454E01A6111A8593AF9AB76 /* PBXContainerItemProxy */ = {
			isa = PBXContainerItemProxy;
			containerPortal = FC2558B2212EBAD8707B3E9B /* Project object */;
			proxyType = 1;
			remoteGlobalIDString = 6143C13B36D0457B5647FC5C;
			remoteInfo = TazaKeyboard;
		};
/* End PBXContainerItemProxy section */

/* Begin PBXCopyFilesBuildPhase section */
		088B39EADA8099DBA84AA490 /* Embed Foundation Extensions */ = {
			isa = PBXCopyFilesBuildPhase;
			buildActionMask = 2147483647;
			dstPath = "";
			dstSubfolderSpec = 13;
			files = (
				A4C42B0C343DF0FB1AC2133F /* TazaKeyboard.appex in Embed Foundation Extensions */,
			);
			name = "Embed Foundation Extensions";
			runOnlyForDeploymentPostprocessing = 0;
		};
/* End PBXCopyFilesBuildPhase section */

/* Begin PBXFileReference section */
		007595E2A48501E1CD1E50EE /* PreferencesTests.swift */ = {isa = PBXFileReference; lastKnownFileType = sourcecode.swift; path = PreferencesTests.swift; sourceTree = "<group>"; };
		01BCD798ABE7AF90F1CE165D /* LanguageRow.swift */ = {isa = PBXFileReference; lastKnownFileType = sourcecode.swift; path = LanguageRow.swift; sourceTree = "<group>"; };
		05D205DDAE097E35FD4E8199 /* Localizable.xcstrings */ = {isa = PBXFileReference; lastKnownFileType = text.json.xcstrings; path = Localizable.xcstrings; sourceTree = "<group>"; };
		09D758E33FF50C0D459ED005 /* taza_ffi.swift */ = {isa = PBXFileReference; lastKnownFileType = sourcecode.swift; path = taza_ffi.swift; sourceTree = "<group>"; };
		0A9F2E0D96CBED61EDEBDEE0 /* PackLibraryModel.swift */ = {isa = PBXFileReference; lastKnownFileType = sourcecode.swift; path = PackLibraryModel.swift; sourceTree = "<group>"; };
		11124EF9940DBDE9F28B3C42 /* SoftwareLicenseList.swift */ = {isa = PBXFileReference; lastKnownFileType = sourcecode.swift; path = SoftwareLicenseList.swift; sourceTree = "<group>"; };
		11B1847A1A2B13D5E718F728 /* LayoutPreviewView.swift */ = {isa = PBXFileReference; lastKnownFileType = sourcecode.swift; path = LayoutPreviewView.swift; sourceTree = "<group>"; };
		1781A6356112D40DF9099D56 /* AnnotationPanelMapping.swift */ = {isa = PBXFileReference; lastKnownFileType = sourcecode.swift; path = AnnotationPanelMapping.swift; sourceTree = "<group>"; };
		1962F2077395F0F49315502C /* SettingsBroadcast.swift */ = {isa = PBXFileReference; lastKnownFileType = sourcecode.swift; path = SettingsBroadcast.swift; sourceTree = "<group>"; };
		197BEC06EBEA05C5B798CF98 /* BackspaceRepeat.swift */ = {isa = PBXFileReference; lastKnownFileType = sourcecode.swift; path = BackspaceRepeat.swift; sourceTree = "<group>"; };
		1CF4D18278033FE3DE2C617D /* PopupMenuView.swift */ = {isa = PBXFileReference; lastKnownFileType = sourcecode.swift; path = PopupMenuView.swift; sourceTree = "<group>"; };
		1F91AB423FD83C61E9B9DD62 /* Localizable.xcstrings */ = {isa = PBXFileReference; lastKnownFileType = text.json.xcstrings; path = Localizable.xcstrings; sourceTree = "<group>"; };
		21D8B8D2DBE633B18E95BE82 /* CommonSettingsList.swift */ = {isa = PBXFileReference; lastKnownFileType = sourcecode.swift; path = CommonSettingsList.swift; sourceTree = "<group>"; };
		231812FDBF992843227998D5 /* KeyboardGridView.swift */ = {isa = PBXFileReference; lastKnownFileType = sourcecode.swift; path = KeyboardGridView.swift; sourceTree = "<group>"; };
		2D60B214385629A2B76C1A3D /* SettingsView.swift */ = {isa = PBXFileReference; lastKnownFileType = sourcecode.swift; path = SettingsView.swift; sourceTree = "<group>"; };
		2DA837A1A6867D6AE4419664 /* PackSourceList.swift */ = {isa = PBXFileReference; lastKnownFileType = sourcecode.swift; path = PackSourceList.swift; sourceTree = "<group>"; };
		32902B00D00EF10D00F679B8 /* TazaApp.entitlements */ = {isa = PBXFileReference; lastKnownFileType = text.plist.entitlements; path = TazaApp.entitlements; sourceTree = "<group>"; };
		36AE13BEE6D794E9DE23D745 /* TypingChoice.swift */ = {isa = PBXFileReference; lastKnownFileType = sourcecode.swift; path = TypingChoice.swift; sourceTree = "<group>"; };
		3DB42A0C1540DB61573C3F87 /* TazaTests.xctest */ = {isa = PBXFileReference; includeInIndex = 0; lastKnownFileType = wrapper.cfbundle; path = TazaTests.xctest; sourceTree = BUILT_PRODUCTS_DIR; };
		41F6BF764826351F53195B38 /* TazaTheme.swift */ = {isa = PBXFileReference; lastKnownFileType = sourcecode.swift; path = TazaTheme.swift; sourceTree = "<group>"; };
		42120CE65D4808C7B3393EBE /* LayoutSelectionList.swift */ = {isa = PBXFileReference; lastKnownFileType = sourcecode.swift; path = LayoutSelectionList.swift; sourceTree = "<group>"; };
		47FA08A2A992BF36356F87B2 /* LanguageListView.swift */ = {isa = PBXFileReference; lastKnownFileType = sourcecode.swift; path = LanguageListView.swift; sourceTree = "<group>"; };
		480B324EF897B1A8E20D1B49 /* KeyboardPreferences.swift */ = {isa = PBXFileReference; lastKnownFileType = sourcecode.swift; path = KeyboardPreferences.swift; sourceTree = "<group>"; };
		4BAC5A7278B04AC671D281E6 /* CandidateMapping.swift */ = {isa = PBXFileReference; lastKnownFileType = sourcecode.swift; path = CandidateMapping.swift; sourceTree = "<group>"; };
		50C0A331AAAEA999B48CE657 /* ShortcutSettingsList.swift */ = {isa = PBXFileReference; lastKnownFileType = sourcecode.swift; path = ShortcutSettingsList.swift; sourceTree = "<group>"; };
		515CE54238B726C712D07894 /* SessionStore.swift */ = {isa = PBXFileReference; lastKnownFileType = sourcecode.swift; path = SessionStore.swift; sourceTree = "<group>"; };
		574B66EBEC60DDBFD132D9FB /* TazaFfi.xcframework */ = {isa = PBXFileReference; lastKnownFileType = wrapper.xcframework; path = TazaFfi.xcframework; sourceTree = "<group>"; };
		59B2EC2C7693A3A9DDE73318 /* AlternatesPopup.swift */ = {isa = PBXFileReference; lastKnownFileType = sourcecode.swift; path = AlternatesPopup.swift; sourceTree = "<group>"; };
		61D84CF1C4F727E80DCDCC41 /* Packs.xcconfig */ = {isa = PBXFileReference; lastKnownFileType = text.xcconfig; path = Packs.xcconfig; sourceTree = "<group>"; };
		6DD6CA34EFC067B2496D6396 /* TazaKeyboard.entitlements */ = {isa = PBXFileReference; lastKnownFileType = text.plist.entitlements; path = TazaKeyboard.entitlements; sourceTree = "<group>"; };
		73844943B471DF8C41B96440 /* KeyboardTestSection.swift */ = {isa = PBXFileReference; lastKnownFileType = sourcecode.swift; path = KeyboardTestSection.swift; sourceTree = "<group>"; };
		884F7F9DE893001ADF7495D9 /* PackDistribution.swift */ = {isa = PBXFileReference; lastKnownFileType = sourcecode.swift; path = PackDistribution.swift; sourceTree = "<group>"; };
		8A599D679961790DCA7854EE /* LearningStore.swift */ = {isa = PBXFileReference; lastKnownFileType = sourcecode.swift; path = LearningStore.swift; sourceTree = "<group>"; };
		8CE8C2DCB81EC0C7F538948B /* licenses.json */ = {isa = PBXFileReference; lastKnownFileType = text.json; path = licenses.json; sourceTree = "<group>"; };
		910B762E8BF0BFBEDDD17E8C /* LanguageMenu.swift */ = {isa = PBXFileReference; lastKnownFileType = sourcecode.swift; path = LanguageMenu.swift; sourceTree = "<group>"; };
		967EC11F78904F1D768ACEFF /* english.tazapack */ = {isa = PBXFileReference; path = english.tazapack; sourceTree = "<group>"; };
		97EA25FFF6838055C42F3B03 /* PackStatusView.swift */ = {isa = PBXFileReference; lastKnownFileType = sourcecode.swift; path = PackStatusView.swift; sourceTree = "<group>"; };
		989BA2A46EED62AA7993C202 /* ShiftDoubleTap.swift */ = {isa = PBXFileReference; lastKnownFileType = sourcecode.swift; path = ShiftDoubleTap.swift; sourceTree = "<group>"; };
		98B22DB332A13235C5228104 /* EffectApplication.swift */ = {isa = PBXFileReference; lastKnownFileType = sourcecode.swift; path = EffectApplication.swift; sourceTree = "<group>"; };
		A063705662AC7D869C6B9CA8 /* CandidateBarView.swift */ = {isa = PBXFileReference; lastKnownFileType = sourcecode.swift; path = CandidateBarView.swift; sourceTree = "<group>"; };
		A38267BFA749855DFE13554E /* LayoutPreviews.swift */ = {isa = PBXFileReference; lastKnownFileType = sourcecode.swift; path = LayoutPreviews.swift; sourceTree = "<group>"; };
		A8B8CA385825E4BAC4F0F04D /* LayoutTileGrid.swift */ = {isa = PBXFileReference; lastKnownFileType = sourcecode.swift; path = LayoutTileGrid.swift; sourceTree = "<group>"; };
		AB94EB35B02EF2C93E01F12C /* DisplaySettingsList.swift */ = {isa = PBXFileReference; lastKnownFileType = sourcecode.swift; path = DisplaySettingsList.swift; sourceTree = "<group>"; };
		AEBE767DBD452E15506A5A63 /* PackStore.swift */ = {isa = PBXFileReference; lastKnownFileType = sourcecode.swift; path = PackStore.swift; sourceTree = "<group>"; };
		B2D44F944B1A5EDD1842A418 /* Info.plist */ = {isa = PBXFileReference; lastKnownFileType = text.plist; path = Info.plist; sourceTree = "<group>"; };
		B6019901E8C1B63347D74AA0 /* TypingSettingsList.swift */ = {isa = PBXFileReference; lastKnownFileType = sourcecode.swift; path = TypingSettingsList.swift; sourceTree = "<group>"; };
		BC1A64D4197556C33F14ADD0 /* FeedbackSettingsList.swift */ = {isa = PBXFileReference; lastKnownFileType = sourcecode.swift; path = FeedbackSettingsList.swift; sourceTree = "<group>"; };
		BD7F2DCB31A1034059A9104A /* AnnotationPanelView.swift */ = {isa = PBXFileReference; lastKnownFileType = sourcecode.swift; path = AnnotationPanelView.swift; sourceTree = "<group>"; };
		C1B3C673EC53FBF00C3ECA18 /* EditorContext.swift */ = {isa = PBXFileReference; lastKnownFileType = sourcecode.swift; path = EditorContext.swift; sourceTree = "<group>"; };
		C7ACF76A88B696CCF90E13C8 /* KeyboardFrameMapping.swift */ = {isa = PBXFileReference; lastKnownFileType = sourcecode.swift; path = KeyboardFrameMapping.swift; sourceTree = "<group>"; };
		C8365422EF081E7D29B1F1FD /* LicenseCatalogTests.swift */ = {isa = PBXFileReference; lastKnownFileType = sourcecode.swift; path = LicenseCatalogTests.swift; sourceTree = "<group>"; };
		CB3E63C25B2774A71B2BAFC2 /* SegmentedSetting.swift */ = {isa = PBXFileReference; lastKnownFileType = sourcecode.swift; path = SegmentedSetting.swift; sourceTree = "<group>"; };
		CDB656FE0B6EAD8B48073FC3 /* TypingOptionLabel.swift */ = {isa = PBXFileReference; lastKnownFileType = sourcecode.swift; path = TypingOptionLabel.swift; sourceTree = "<group>"; };
		D2F92E8CE1713F64464B2F31 /* TazaKeyboard.appex */ = {isa = PBXFileReference; includeInIndex = 0; lastKnownFileType = "wrapper.app-extension"; path = TazaKeyboard.appex; sourceTree = BUILT_PRODUCTS_DIR; };
		D73EC3E65D47C2BDD32ACE91 /* KeyCapView.swift */ = {isa = PBXFileReference; lastKnownFileType = sourcecode.swift; path = KeyCapView.swift; sourceTree = "<group>"; };
		DA41A1AC36D99B4B3BC513A2 /* TouchRouting.swift */ = {isa = PBXFileReference; lastKnownFileType = sourcecode.swift; path = TouchRouting.swift; sourceTree = "<group>"; };
		DA51666AEF37FB71B4B34D32 /* PrivacySettingsList.swift */ = {isa = PBXFileReference; lastKnownFileType = sourcecode.swift; path = PrivacySettingsList.swift; sourceTree = "<group>"; };
		DB8EC06674009A020B53E258 /* SoftwareLicenseCatalog.swift */ = {isa = PBXFileReference; lastKnownFileType = sourcecode.swift; path = SoftwareLicenseCatalog.swift; sourceTree = "<group>"; };
		DCB46D787A274326D1E6E049 /* Info.plist */ = {isa = PBXFileReference; lastKnownFileType = text.plist; path = Info.plist; sourceTree = "<group>"; };
		DE5619E2DE3974851B30CDDE /* KeyboardSetupBanner.swift */ = {isa = PBXFileReference; lastKnownFileType = sourcecode.swift; path = KeyboardSetupBanner.swift; sourceTree = "<group>"; };
		E277A6F3562678279800454E /* KeyboardViewController.swift */ = {isa = PBXFileReference; lastKnownFileType = sourcecode.swift; path = KeyboardViewController.swift; sourceTree = "<group>"; };
		E9FD9DA9F003377C1F360079 /* LanguageSettingsList.swift */ = {isa = PBXFileReference; lastKnownFileType = sourcecode.swift; path = LanguageSettingsList.swift; sourceTree = "<group>"; };
		EB583ACD6DB1BB697B271FC5 /* LanguagePreferences.swift */ = {isa = PBXFileReference; lastKnownFileType = sourcecode.swift; path = LanguagePreferences.swift; sourceTree = "<group>"; };
		EC8A29F7A6126AC96406242C /* TazaApp.app */ = {isa = PBXFileReference; includeInIndex = 0; lastKnownFileType = wrapper.application; path = TazaApp.app; sourceTree = BUILT_PRODUCTS_DIR; };
		ED40848F6BE6D88523CB3C25 /* SettingsModel.swift */ = {isa = PBXFileReference; lastKnownFileType = sourcecode.swift; path = SettingsModel.swift; sourceTree = "<group>"; };
		ED73162F9E8CB714176E666F /* TazaApp.swift */ = {isa = PBXFileReference; lastKnownFileType = sourcecode.swift; path = TazaApp.swift; sourceTree = "<group>"; };
		F4B96DBD027FDAC753ED1C22 /* AlternatesPopupView.swift */ = {isa = PBXFileReference; lastKnownFileType = sourcecode.swift; path = AlternatesPopupView.swift; sourceTree = "<group>"; };
		F98CF245BF37A93C962D777F /* ShortcutStore.swift */ = {isa = PBXFileReference; lastKnownFileType = sourcecode.swift; path = ShortcutStore.swift; sourceTree = "<group>"; };
		FA49C9A39372AED3BDF64BD5 /* TypingPreferences.swift */ = {isa = PBXFileReference; lastKnownFileType = sourcecode.swift; path = TypingPreferences.swift; sourceTree = "<group>"; };
/* End PBXFileReference section */

/* Begin PBXFrameworksBuildPhase section */
		5582D688BEFA0333DC483AF0 /* Frameworks */ = {
			isa = PBXFrameworksBuildPhase;
			buildActionMask = 2147483647;
			files = (
				59D49C2340D7FE5D2D10FABA /* TazaFfi.xcframework in Frameworks */,
			);
			runOnlyForDeploymentPostprocessing = 0;
		};
		61DE1C84951E558A03606714 /* Frameworks */ = {
			isa = PBXFrameworksBuildPhase;
			buildActionMask = 2147483647;
			files = (
				0E30F9C34F96DCD74EB9A582 /* TazaFfi.xcframework in Frameworks */,
			);
			runOnlyForDeploymentPostprocessing = 0;
		};
/* End PBXFrameworksBuildPhase section */

/* Begin PBXGroup section */
		0C7652366E18EB8BB482EF7C /* Input */ = {
			isa = PBXGroup;
			children = (
				197BEC06EBEA05C5B798CF98 /* BackspaceRepeat.swift */,
				989BA2A46EED62AA7993C202 /* ShiftDoubleTap.swift */,
				DA41A1AC36D99B4B3BC513A2 /* TouchRouting.swift */,
			);
			path = Input;
			sourceTree = "<group>";
		};
		111AFAE2F457141CFA895DAD /* Packs */ = {
			isa = PBXGroup;
			children = (
				0A9F2E0D96CBED61EDEBDEE0 /* PackLibraryModel.swift */,
				2DA837A1A6867D6AE4419664 /* PackSourceList.swift */,
				97EA25FFF6838055C42F3B03 /* PackStatusView.swift */,
				DB8EC06674009A020B53E258 /* SoftwareLicenseCatalog.swift */,
				11124EF9940DBDE9F28B3C42 /* SoftwareLicenseList.swift */,
			);
			path = Packs;
			sourceTree = "<group>";
		};
		1A1A2065189E0A2BAE3C7622 /* Common */ = {
			isa = PBXGroup;
			children = (
				DE5619E2DE3974851B30CDDE /* KeyboardSetupBanner.swift */,
				73844943B471DF8C41B96440 /* KeyboardTestSection.swift */,
			);
			path = Common;
			sourceTree = "<group>";
		};
		5564BD76F570C038D99BE882 /* Settings */ = {
			isa = PBXGroup;
			children = (
				21D8B8D2DBE633B18E95BE82 /* CommonSettingsList.swift */,
				AB94EB35B02EF2C93E01F12C /* DisplaySettingsList.swift */,
				BC1A64D4197556C33F14ADD0 /* FeedbackSettingsList.swift */,
				E9FD9DA9F003377C1F360079 /* LanguageSettingsList.swift */,
				42120CE65D4808C7B3393EBE /* LayoutSelectionList.swift */,
				A8B8CA385825E4BAC4F0F04D /* LayoutTileGrid.swift */,
				DA51666AEF37FB71B4B34D32 /* PrivacySettingsList.swift */,
				CB3E63C25B2774A71B2BAFC2 /* SegmentedSetting.swift */,
				ED40848F6BE6D88523CB3C25 /* SettingsModel.swift */,
				2D60B214385629A2B76C1A3D /* SettingsView.swift */,
				50C0A331AAAEA999B48CE657 /* ShortcutSettingsList.swift */,
				B6019901E8C1B63347D74AA0 /* TypingSettingsList.swift */,
			);
			path = Settings;
			sourceTree = "<group>";
		};
		59973978AA06E686130F3C5C /* Generated */ = {
			isa = PBXGroup;
			children = (
				09D758E33FF50C0D459ED005 /* taza_ffi.swift */,
			);
			path = Generated;
			sourceTree = "<group>";
		};
		700482EEC87E8AFB9AB61FF0 /* ios */ = {
			isa = PBXGroup;
			children = (
				61D84CF1C4F727E80DCDCC41 /* Packs.xcconfig */,
			);
			name = ios;
			path = .;
			sourceTree = "<group>";
		};
		797D990918A527BA8BEF5C2F /* data */ = {
			isa = PBXGroup;
			children = (
				8CE8C2DCB81EC0C7F538948B /* licenses.json */,
			);
			name = data;
			path = ../../data;
			sourceTree = "<group>";
		};
		7AB081A8806555FFA2CAF83F /* Languages */ = {
			isa = PBXGroup;
			children = (
				47FA08A2A992BF36356F87B2 /* LanguageListView.swift */,
				01BCD798ABE7AF90F1CE165D /* LanguageRow.swift */,
			);
			path = Languages;
			sourceTree = "<group>";
		};
		8ADB72F0DE33C251D0574950 /* Session */ = {
			isa = PBXGroup;
			children = (
				C1B3C673EC53FBF00C3ECA18 /* EditorContext.swift */,
				515CE54238B726C712D07894 /* SessionStore.swift */,
			);
			path = Session;
			sourceTree = "<group>";
		};
		8D28493B7F0C0340AACE6656 /* TazaTests */ = {
			isa = PBXGroup;
			children = (
				C8365422EF081E7D29B1F1FD /* LicenseCatalogTests.swift */,
				007595E2A48501E1CD1E50EE /* PreferencesTests.swift */,
			);
			path = TazaTests;
			sourceTree = "<group>";
		};
		9C5ED62067042AFC3E057D86 /* TazaApp */ = {
			isa = PBXGroup;
			children = (
				B2D44F944B1A5EDD1842A418 /* Info.plist */,
				05D205DDAE097E35FD4E8199 /* Localizable.xcstrings */,
				32902B00D00EF10D00F679B8 /* TazaApp.entitlements */,
				ED73162F9E8CB714176E666F /* TazaApp.swift */,
				1A1A2065189E0A2BAE3C7622 /* Common */,
				7AB081A8806555FFA2CAF83F /* Languages */,
				111AFAE2F457141CFA895DAD /* Packs */,
				5564BD76F570C038D99BE882 /* Settings */,
				D23E88CF09221684836AC168 /* Typing */,
			);
			path = TazaApp;
			sourceTree = "<group>";
		};
		A207D19956AA7DCF483A7B09 /* TazaDesignSystem */ = {
			isa = PBXGroup;
			children = (
				F4B96DBD027FDAC753ED1C22 /* AlternatesPopupView.swift */,
				BD7F2DCB31A1034059A9104A /* AnnotationPanelView.swift */,
				A063705662AC7D869C6B9CA8 /* CandidateBarView.swift */,
				231812FDBF992843227998D5 /* KeyboardGridView.swift */,
				D73EC3E65D47C2BDD32ACE91 /* KeyCapView.swift */,
				11B1847A1A2B13D5E718F728 /* LayoutPreviewView.swift */,
				1CF4D18278033FE3DE2C617D /* PopupMenuView.swift */,
				41F6BF764826351F53195B38 /* TazaTheme.swift */,
			);
			path = TazaDesignSystem;
			sourceTree = "<group>";
		};
		A3A264251F71F89B3EB2FC5E /* TazaShared */ = {
			isa = PBXGroup;
			children = (
				C7ACF76A88B696CCF90E13C8 /* KeyboardFrameMapping.swift */,
				480B324EF897B1A8E20D1B49 /* KeyboardPreferences.swift */,
				EB583ACD6DB1BB697B271FC5 /* LanguagePreferences.swift */,
				A38267BFA749855DFE13554E /* LayoutPreviews.swift */,
				8A599D679961790DCA7854EE /* LearningStore.swift */,
				884F7F9DE893001ADF7495D9 /* PackDistribution.swift */,
				AEBE767DBD452E15506A5A63 /* PackStore.swift */,
				1962F2077395F0F49315502C /* SettingsBroadcast.swift */,
				F98CF245BF37A93C962D777F /* ShortcutStore.swift */,
				FA49C9A39372AED3BDF64BD5 /* TypingPreferences.swift */,
			);
			path = TazaShared;
			sourceTree = "<group>";
		};
		B14A7D11CF177ADF0A3B9514 /* Frameworks */ = {
			isa = PBXGroup;
			children = (
				574B66EBEC60DDBFD132D9FB /* TazaFfi.xcframework */,
			);
			name = Frameworks;
			sourceTree = "<group>";
		};
		B868B47B83750065EB636B3C /* Popups */ = {
			isa = PBXGroup;
			children = (
				59B2EC2C7693A3A9DDE73318 /* AlternatesPopup.swift */,
				910B762E8BF0BFBEDDD17E8C /* LanguageMenu.swift */,
			);
			path = Popups;
			sourceTree = "<group>";
		};
		BA040973AB30D1953EF06239 /* Products */ = {
			isa = PBXGroup;
			children = (
				EC8A29F7A6126AC96406242C /* TazaApp.app */,
				D2F92E8CE1713F64464B2F31 /* TazaKeyboard.appex */,
				3DB42A0C1540DB61573C3F87 /* TazaTests.xctest */,
			);
			name = Products;
			sourceTree = "<group>";
		};
		C1A98C305B918F916778E615 /* TazaKeyboard */ = {
			isa = PBXGroup;
			children = (
				DCB46D787A274326D1E6E049 /* Info.plist */,
				E277A6F3562678279800454E /* KeyboardViewController.swift */,
				1F91AB423FD83C61E9B9DD62 /* Localizable.xcstrings */,
				6DD6CA34EFC067B2496D6396 /* TazaKeyboard.entitlements */,
				0C7652366E18EB8BB482EF7C /* Input */,
				DB11D3C0D6F5D9647AFC81A4 /* Output */,
				B868B47B83750065EB636B3C /* Popups */,
				CAF91AA85C592C923AD6F645 /* Rendering */,
				8ADB72F0DE33C251D0574950 /* Session */,
			);
			path = TazaKeyboard;
			sourceTree = "<group>";
		};
		CAF91AA85C592C923AD6F645 /* Rendering */ = {
			isa = PBXGroup;
			children = (
				1781A6356112D40DF9099D56 /* AnnotationPanelMapping.swift */,
				4BAC5A7278B04AC671D281E6 /* CandidateMapping.swift */,
			);
			path = Rendering;
			sourceTree = "<group>";
		};
		D23E88CF09221684836AC168 /* Typing */ = {
			isa = PBXGroup;
			children = (
				36AE13BEE6D794E9DE23D745 /* TypingChoice.swift */,
				CDB656FE0B6EAD8B48073FC3 /* TypingOptionLabel.swift */,
			);
			path = Typing;
			sourceTree = "<group>";
		};
		D607D669459A0C40B203368C = {
			isa = PBXGroup;
			children = (
				797D990918A527BA8BEF5C2F /* data */,
				59973978AA06E686130F3C5C /* Generated */,
				700482EEC87E8AFB9AB61FF0 /* ios */,
				E2B506EE41D55AC9C1F048D8 /* packs */,
				9C5ED62067042AFC3E057D86 /* TazaApp */,
				A207D19956AA7DCF483A7B09 /* TazaDesignSystem */,
				C1A98C305B918F916778E615 /* TazaKeyboard */,
				A3A264251F71F89B3EB2FC5E /* TazaShared */,
				8D28493B7F0C0340AACE6656 /* TazaTests */,
				B14A7D11CF177ADF0A3B9514 /* Frameworks */,
				BA040973AB30D1953EF06239 /* Products */,
			);
			sourceTree = "<group>";
		};
		DB11D3C0D6F5D9647AFC81A4 /* Output */ = {
			isa = PBXGroup;
			children = (
				98B22DB332A13235C5228104 /* EffectApplication.swift */,
			);
			path = Output;
			sourceTree = "<group>";
		};
		E2B506EE41D55AC9C1F048D8 /* packs */ = {
			isa = PBXGroup;
			children = (
				967EC11F78904F1D768ACEFF /* english.tazapack */,
			);
			name = packs;
			path = ../../data/packs;
			sourceTree = "<group>";
		};
/* End PBXGroup section */

/* Begin PBXNativeTarget section */
		6143C13B36D0457B5647FC5C /* TazaKeyboard */ = {
			isa = PBXNativeTarget;
			buildConfigurationList = 809A81F11C93CC2C58AFA39D /* Build configuration list for PBXNativeTarget "TazaKeyboard" */;
			buildPhases = (
				2ADEAF1F30CCBC368D9AA2AE /* Sources */,
				CA3008E5A57CAB3E61CF272D /* Resources */,
				5582D688BEFA0333DC483AF0 /* Frameworks */,
			);
			buildRules = (
			);
			dependencies = (
			);
			name = TazaKeyboard;
			packageProductDependencies = (
			);
			productName = TazaKeyboard;
			productReference = D2F92E8CE1713F64464B2F31 /* TazaKeyboard.appex */;
			productType = "com.apple.product-type.app-extension";
		};
		681575DCA25D06EF9948EC2B /* TazaApp */ = {
			isa = PBXNativeTarget;
			buildConfigurationList = FF6F6D367477BEE9B6971297 /* Build configuration list for PBXNativeTarget "TazaApp" */;
			buildPhases = (
				E392EC30A448E0734B689918 /* Sources */,
				EEBBD78D3225FDC11DDD56A0 /* Resources */,
				61DE1C84951E558A03606714 /* Frameworks */,
				088B39EADA8099DBA84AA490 /* Embed Foundation Extensions */,
			);
			buildRules = (
			);
			dependencies = (
				C31A9F83AFEF6EB18E53141E /* PBXTargetDependency */,
			);
			name = TazaApp;
			packageProductDependencies = (
			);
			productName = TazaApp;
			productReference = EC8A29F7A6126AC96406242C /* TazaApp.app */;
			productType = "com.apple.product-type.application";
		};
		85D116DE0081E1B796400ECE /* TazaTests */ = {
			isa = PBXNativeTarget;
			buildConfigurationList = 7A8FB370418C178AD2421523 /* Build configuration list for PBXNativeTarget "TazaTests" */;
			buildPhases = (
				D7B4DC9039BEFD58F5F65821 /* Sources */,
			);
			buildRules = (
			);
			dependencies = (
				67342D7A67968ECAC9352F42 /* PBXTargetDependency */,
			);
			name = TazaTests;
			packageProductDependencies = (
			);
			productName = TazaTests;
			productReference = 3DB42A0C1540DB61573C3F87 /* TazaTests.xctest */;
			productType = "com.apple.product-type.bundle.unit-test";
		};
/* End PBXNativeTarget section */

/* Begin PBXProject section */
		FC2558B2212EBAD8707B3E9B /* Project object */ = {
			isa = PBXProject;
			attributes = {
				BuildIndependentTargetsInParallel = YES;
				LastUpgradeCheck = 1430;
				TargetAttributes = {
				};
			};
			buildConfigurationList = 36CFDD778A993F861BA7E193 /* Build configuration list for PBXProject "Taza" */;
			developmentRegion = en;
			hasScannedForEncodings = 0;
			knownRegions = (
				Base,
				en,
			);
			mainGroup = D607D669459A0C40B203368C;
			minimizedProjectReferenceProxies = 1;
			preferredProjectObjectVersion = 77;
			productRefGroup = BA040973AB30D1953EF06239 /* Products */;
			projectDirPath = "";
			projectRoot = "";
			targets = (
				681575DCA25D06EF9948EC2B /* TazaApp */,
				6143C13B36D0457B5647FC5C /* TazaKeyboard */,
				85D116DE0081E1B796400ECE /* TazaTests */,
			);
		};
/* End PBXProject section */

/* Begin PBXResourcesBuildPhase section */
		CA3008E5A57CAB3E61CF272D /* Resources */ = {
			isa = PBXResourcesBuildPhase;
			buildActionMask = 2147483647;
			files = (
				664181C8FD0A6B81B52167E3 /* Localizable.xcstrings in Resources */,
				FA80F36305EBB2C36AD14416 /* english.tazapack in Resources */,
			);
			runOnlyForDeploymentPostprocessing = 0;
		};
		EEBBD78D3225FDC11DDD56A0 /* Resources */ = {
			isa = PBXResourcesBuildPhase;
			buildActionMask = 2147483647;
			files = (
				D0F50B25E8B9912590AF991C /* Localizable.xcstrings in Resources */,
				27098E769B9D84F7726959FA /* licenses.json in Resources */,
			);
			runOnlyForDeploymentPostprocessing = 0;
		};
/* End PBXResourcesBuildPhase section */

/* Begin PBXSourcesBuildPhase section */
		2ADEAF1F30CCBC368D9AA2AE /* Sources */ = {
			isa = PBXSourcesBuildPhase;
			buildActionMask = 2147483647;
			files = (
				B8187905C56EB7C54276ACBF /* AlternatesPopup.swift in Sources */,
				06BA5BE0A5AA3486C935ED67 /* AlternatesPopupView.swift in Sources */,
				06A1D948B58F3667A54C1091 /* AnnotationPanelMapping.swift in Sources */,
				7B32B855DCE6354F7F23188E /* AnnotationPanelView.swift in Sources */,
				AE6553F4A4D5E3D67C2BB52F /* BackspaceRepeat.swift in Sources */,
				E8EFF20B9BD72F4F70F27FD8 /* CandidateBarView.swift in Sources */,
				2473B9123492205B1BAD2A97 /* CandidateMapping.swift in Sources */,
				2150E5C226EA3B063E07E5F8 /* EditorContext.swift in Sources */,
				0EBD0A6871FBDC412133E853 /* EffectApplication.swift in Sources */,
				D9BC3D52CB9C0EEABAD2DD39 /* KeyCapView.swift in Sources */,
				FE4BAC95B229A8A4B80AE091 /* KeyboardFrameMapping.swift in Sources */,
				E973811921C023B99C178023 /* KeyboardGridView.swift in Sources */,
				9032338949864FFA3D3163E8 /* KeyboardPreferences.swift in Sources */,
				3E0BC546CC1D731D0B6A3450 /* KeyboardViewController.swift in Sources */,
				67DF2875020268F00A60B403 /* LanguageMenu.swift in Sources */,
				EF91DFC274CB7EE0DE2FC447 /* LanguagePreferences.swift in Sources */,
				2632BCD540ED2FE8C7FB6487 /* LayoutPreviewView.swift in Sources */,
				CCADD90DB3082407C92D6097 /* LayoutPreviews.swift in Sources */,
				857A56BEC78B89D7F063E6BB /* LearningStore.swift in Sources */,
				369E46DF161F9B435DF3F758 /* PackDistribution.swift in Sources */,
				5E4263D489496E09E4383A59 /* PackStore.swift in Sources */,
				17A73285A7A75F1F16D90EE9 /* PopupMenuView.swift in Sources */,
				6E18DC897936269EAA6680A1 /* SessionStore.swift in Sources */,
				F8983FBD55F08668E36BEF0B /* SettingsBroadcast.swift in Sources */,
				8AE37173517D738F2253777E /* ShiftDoubleTap.swift in Sources */,
				F91A4724EB671814FAF885B0 /* ShortcutStore.swift in Sources */,
				30BDB01EA0873C1877520D3A /* TazaTheme.swift in Sources */,
				7AFB870A61D0F14A2FB04C4B /* TouchRouting.swift in Sources */,
				6C91C12D78ED96C9BCFBBC2A /* TypingPreferences.swift in Sources */,
				9A68A8DF12A9534D11183FEE /* taza_ffi.swift in Sources */,
			);
			runOnlyForDeploymentPostprocessing = 0;
		};
		D7B4DC9039BEFD58F5F65821 /* Sources */ = {
			isa = PBXSourcesBuildPhase;
			buildActionMask = 2147483647;
			files = (
				B0D4781E4A11C172CA21DC67 /* LicenseCatalogTests.swift in Sources */,
				888FF4EC074F61478D12D18A /* PreferencesTests.swift in Sources */,
			);
			runOnlyForDeploymentPostprocessing = 0;
		};
		E392EC30A448E0734B689918 /* Sources */ = {
			isa = PBXSourcesBuildPhase;
			buildActionMask = 2147483647;
			files = (
				1AC4ED72A4D1ABD55DBDFFF1 /* AlternatesPopupView.swift in Sources */,
				344E5A6FE0D3EC8B51350CF7 /* AnnotationPanelView.swift in Sources */,
				BBE5DF3D9481195887C2E4A9 /* CandidateBarView.swift in Sources */,
				673A06623585F5156715F929 /* CommonSettingsList.swift in Sources */,
				16299F7D67AAFAE08620B7FF /* DisplaySettingsList.swift in Sources */,
				539E3C5526B18312465996BB /* FeedbackSettingsList.swift in Sources */,
				985D52154ACD24EF1991EB7F /* KeyCapView.swift in Sources */,
				34F7A6ECDAB1B3EA4D5CB30D /* KeyboardFrameMapping.swift in Sources */,
				B8BAAABBD9299848CAA18DCB /* KeyboardGridView.swift in Sources */,
				CBA4DEC3ACEEE242F08D7FEB /* KeyboardPreferences.swift in Sources */,
				661E6F0225A604E02D3F2A02 /* KeyboardSetupBanner.swift in Sources */,
				A531EF39E67EC05F516D3FBE /* KeyboardTestSection.swift in Sources */,
				6FFBFBA02A06B5C3CC0C0411 /* LanguageListView.swift in Sources */,
				4F214DC30D753E60B9747574 /* LanguagePreferences.swift in Sources */,
				1FB4831F382CEB2D369D49F6 /* LanguageRow.swift in Sources */,
				AC92F432D188D428E90E2BD7 /* LanguageSettingsList.swift in Sources */,
				EB90C520995BD7F1DE680B98 /* LayoutPreviewView.swift in Sources */,
				47C35A51E4A308E3B3946BAC /* LayoutPreviews.swift in Sources */,
				60286B95E6BA1ADA04D1C8ED /* LayoutSelectionList.swift in Sources */,
				D0A86A286AB073345D1831D1 /* LayoutTileGrid.swift in Sources */,
				FA7EBAF4DF3462006A206826 /* LearningStore.swift in Sources */,
				EE063B6901756837FB1E0522 /* PackDistribution.swift in Sources */,
				A913D77B7DA74FB9119D22F5 /* PackLibraryModel.swift in Sources */,
				FAE569B9B977DFEAF23FD1F9 /* PackSourceList.swift in Sources */,
				C066FD2CD8ACBB461667903D /* PackStatusView.swift in Sources */,
				12DF9E1CAAA30308638617BC /* PackStore.swift in Sources */,
				BBA947F49AD25E089A393156 /* PopupMenuView.swift in Sources */,
				C7C9B683DB71387D4D5E804D /* PrivacySettingsList.swift in Sources */,
				01377618031CD817CF2A947B /* SegmentedSetting.swift in Sources */,
				E26CFB5D0C58A8C994366F2E /* SettingsBroadcast.swift in Sources */,
				4CDA141E9710769CBAC775BA /* SettingsModel.swift in Sources */,
				1B9D58FAFD06FE4001F0A48E /* SettingsView.swift in Sources */,
				A660A3613607C4DB4AA53CDC /* ShortcutSettingsList.swift in Sources */,
				9539BFEC959DA105142ABD41 /* ShortcutStore.swift in Sources */,
				DAF85976985AC34C7DB9FBE7 /* SoftwareLicenseCatalog.swift in Sources */,
				309289BC94398EE6C106B076 /* SoftwareLicenseList.swift in Sources */,
				26A0513E4B66D6CE6DB73F41 /* TazaApp.swift in Sources */,
				3019F5A031B7115115BC292F /* TazaTheme.swift in Sources */,
				0BF14D67296EEAAB284F3BF3 /* TypingChoice.swift in Sources */,
				5CA876BE457CF8ABCDC34163 /* TypingOptionLabel.swift in Sources */,
				E0F0F44036B3A32B2195EFC8 /* TypingPreferences.swift in Sources */,
				E7DB950DBB2073CB6F636C27 /* TypingSettingsList.swift in Sources */,
				8E5AF29409A34ECA1642E37B /* taza_ffi.swift in Sources */,
			);
			runOnlyForDeploymentPostprocessing = 0;
		};
/* End PBXSourcesBuildPhase section */

/* Begin PBXTargetDependency section */
		67342D7A67968ECAC9352F42 /* PBXTargetDependency */ = {
			isa = PBXTargetDependency;
			target = 681575DCA25D06EF9948EC2B /* TazaApp */;
			targetProxy = 2CCDC74345DB293EDBA5CF83 /* PBXContainerItemProxy */;
		};
		C31A9F83AFEF6EB18E53141E /* PBXTargetDependency */ = {
			isa = PBXTargetDependency;
			target = 6143C13B36D0457B5647FC5C /* TazaKeyboard */;
			targetProxy = F454E01A6111A8593AF9AB76 /* PBXContainerItemProxy */;
		};
/* End PBXTargetDependency section */

/* Begin XCBuildConfiguration section */
		006DA97AB8D61713B6938B41 /* Debug */ = {
			isa = XCBuildConfiguration;
			buildSettings = {
				CODE_SIGN_ENTITLEMENTS = TazaKeyboard/TazaKeyboard.entitlements;
				FRAMEWORK_SEARCH_PATHS = (
					"$(inherited)",
					"\".\"",
				);
				INFOPLIST_FILE = TazaKeyboard/Info.plist;
				LD_RUNPATH_SEARCH_PATHS = (
					"$(inherited)",
					"@executable_path/Frameworks",
					"@executable_path/../../Frameworks",
				);
				PRODUCT_BUNDLE_IDENTIFIER = io.danuel.taza.TazaApp.keyboard;
				SDKROOT = iphoneos;
				TARGETED_DEVICE_FAMILY = "1,2";
			};
			name = Debug;
		};
		09486F20A782C4AF3704B525 /* Release */ = {
			isa = XCBuildConfiguration;
			buildSettings = {
				CODE_SIGN_ENTITLEMENTS = TazaKeyboard/TazaKeyboard.entitlements;
				FRAMEWORK_SEARCH_PATHS = (
					"$(inherited)",
					"\".\"",
				);
				INFOPLIST_FILE = TazaKeyboard/Info.plist;
				LD_RUNPATH_SEARCH_PATHS = (
					"$(inherited)",
					"@executable_path/Frameworks",
					"@executable_path/../../Frameworks",
				);
				PRODUCT_BUNDLE_IDENTIFIER = io.danuel.taza.TazaApp.keyboard;
				SDKROOT = iphoneos;
				TARGETED_DEVICE_FAMILY = "1,2";
			};
			name = Release;
		};
		1BD0C95F3915E92B17875B7F /* Debug */ = {
			isa = XCBuildConfiguration;
			buildSettings = {
				BUNDLE_LOADER = "$(TEST_HOST)";
				LD_RUNPATH_SEARCH_PATHS = (
					"$(inherited)",
					"@executable_path/Frameworks",
					"@loader_path/Frameworks",
				);
				PRODUCT_BUNDLE_IDENTIFIER = io.danuel.taza.TazaTests;
				SDKROOT = iphoneos;
				TARGETED_DEVICE_FAMILY = "1,2";
				TEST_HOST = "$(BUILT_PRODUCTS_DIR)/TazaApp.app/TazaApp";
			};
			name = Debug;
		};
		50D020418D13C926F4D6B3EB /* Release */ = {
			isa = XCBuildConfiguration;
			buildSettings = {
				BUNDLE_LOADER = "$(TEST_HOST)";
				LD_RUNPATH_SEARCH_PATHS = (
					"$(inherited)",
					"@executable_path/Frameworks",
					"@loader_path/Frameworks",
				);
				PRODUCT_BUNDLE_IDENTIFIER = io.danuel.taza.TazaTests;
				SDKROOT = iphoneos;
				TARGETED_DEVICE_FAMILY = "1,2";
				TEST_HOST = "$(BUILT_PRODUCTS_DIR)/TazaApp.app/TazaApp";
			};
			name = Release;
		};
		61A92C1BF6E7FB05FB8DB1A7 /* Release */ = {
			isa = XCBuildConfiguration;
			baseConfigurationReference = 61D84CF1C4F727E80DCDCC41 /* Packs.xcconfig */;
			buildSettings = {
				ALWAYS_SEARCH_USER_PATHS = NO;
				CLANG_ANALYZER_NONNULL = YES;
				CLANG_ANALYZER_NUMBER_OBJECT_CONVERSION = YES_AGGRESSIVE;
				CLANG_CXX_LANGUAGE_STANDARD = "gnu++14";
				CLANG_CXX_LIBRARY = "libc++";
				CLANG_ENABLE_MODULES = YES;
				CLANG_ENABLE_OBJC_ARC = YES;
				CLANG_ENABLE_OBJC_WEAK = YES;
				CLANG_WARN_BLOCK_CAPTURE_AUTORELEASING = YES;
				CLANG_WARN_BOOL_CONVERSION = YES;
				CLANG_WARN_COMMA = YES;
				CLANG_WARN_CONSTANT_CONVERSION = YES;
				CLANG_WARN_DEPRECATED_OBJC_IMPLEMENTATIONS = YES;
				CLANG_WARN_DIRECT_OBJC_ISA_USAGE = YES_ERROR;
				CLANG_WARN_DOCUMENTATION_COMMENTS = YES;
				CLANG_WARN_EMPTY_BODY = YES;
				CLANG_WARN_ENUM_CONVERSION = YES;
				CLANG_WARN_INFINITE_RECURSION = YES;
				CLANG_WARN_INT_CONVERSION = YES;
				CLANG_WARN_NON_LITERAL_NULL_CONVERSION = YES;
				CLANG_WARN_OBJC_IMPLICIT_RETAIN_SELF = YES;
				CLANG_WARN_OBJC_LITERAL_CONVERSION = YES;
				CLANG_WARN_OBJC_ROOT_CLASS = YES_ERROR;
				CLANG_WARN_QUOTED_INCLUDE_IN_FRAMEWORK_HEADER = YES;
				CLANG_WARN_RANGE_LOOP_ANALYSIS = YES;
				CLANG_WARN_STRICT_PROTOTYPES = YES;
				CLANG_WARN_SUSPICIOUS_MOVE = YES;
				CLANG_WARN_UNGUARDED_AVAILABILITY = YES_AGGRESSIVE;
				CLANG_WARN_UNREACHABLE_CODE = YES;
				CLANG_WARN__DUPLICATE_METHOD_MATCH = YES;
				COPY_PHASE_STRIP = NO;
				DEBUG_INFORMATION_FORMAT = "dwarf-with-dsym";
				ENABLE_NS_ASSERTIONS = NO;
				ENABLE_STRICT_OBJC_MSGSEND = YES;
				GCC_C_LANGUAGE_STANDARD = gnu11;
				GCC_NO_COMMON_BLOCKS = YES;
				GCC_WARN_64_TO_32_BIT_CONVERSION = YES;
				GCC_WARN_ABOUT_RETURN_TYPE = YES_ERROR;
				GCC_WARN_UNDECLARED_SELECTOR = YES;
				GCC_WARN_UNINITIALIZED_AUTOS = YES_AGGRESSIVE;
				GCC_WARN_UNUSED_FUNCTION = YES;
				GCC_WARN_UNUSED_VARIABLE = YES;
				IPHONEOS_DEPLOYMENT_TARGET = 16.0;
				MTL_ENABLE_DEBUG_INFO = NO;
				MTL_FAST_MATH = YES;
				PRODUCT_NAME = "$(TARGET_NAME)";
				SDKROOT = iphoneos;
				SWIFT_COMPILATION_MODE = wholemodule;
				SWIFT_OPTIMIZATION_LEVEL = "-O";
				SWIFT_VERSION = 5.9;
			};
			name = Release;
		};
		BF48F21B19F059FFB5C8F8AF /* Release */ = {
			isa = XCBuildConfiguration;
			buildSettings = {
				ASSETCATALOG_COMPILER_APPICON_NAME = AppIcon;
				CODE_SIGN_ENTITLEMENTS = TazaApp/TazaApp.entitlements;
				CODE_SIGN_IDENTITY = "iPhone Developer";
				FRAMEWORK_SEARCH_PATHS = (
					"$(inherited)",
					"\".\"",
				);
				INFOPLIST_FILE = TazaApp/Info.plist;
				LD_RUNPATH_SEARCH_PATHS = (
					"$(inherited)",
					"@executable_path/Frameworks",
				);
				PRODUCT_BUNDLE_IDENTIFIER = io.danuel.taza.TazaApp;
				SDKROOT = iphoneos;
				TARGETED_DEVICE_FAMILY = "1,2";
			};
			name = Release;
		};
		C09559B3A1452CE1643937DF /* Debug */ = {
			isa = XCBuildConfiguration;
			baseConfigurationReference = 61D84CF1C4F727E80DCDCC41 /* Packs.xcconfig */;
			buildSettings = {
				ALWAYS_SEARCH_USER_PATHS = NO;
				CLANG_ANALYZER_NONNULL = YES;
				CLANG_ANALYZER_NUMBER_OBJECT_CONVERSION = YES_AGGRESSIVE;
				CLANG_CXX_LANGUAGE_STANDARD = "gnu++14";
				CLANG_CXX_LIBRARY = "libc++";
				CLANG_ENABLE_MODULES = YES;
				CLANG_ENABLE_OBJC_ARC = YES;
				CLANG_ENABLE_OBJC_WEAK = YES;
				CLANG_WARN_BLOCK_CAPTURE_AUTORELEASING = YES;
				CLANG_WARN_BOOL_CONVERSION = YES;
				CLANG_WARN_COMMA = YES;
				CLANG_WARN_CONSTANT_CONVERSION = YES;
				CLANG_WARN_DEPRECATED_OBJC_IMPLEMENTATIONS = YES;
				CLANG_WARN_DIRECT_OBJC_ISA_USAGE = YES_ERROR;
				CLANG_WARN_DOCUMENTATION_COMMENTS = YES;
				CLANG_WARN_EMPTY_BODY = YES;
				CLANG_WARN_ENUM_CONVERSION = YES;
				CLANG_WARN_INFINITE_RECURSION = YES;
				CLANG_WARN_INT_CONVERSION = YES;
				CLANG_WARN_NON_LITERAL_NULL_CONVERSION = YES;
				CLANG_WARN_OBJC_IMPLICIT_RETAIN_SELF = YES;
				CLANG_WARN_OBJC_LITERAL_CONVERSION = YES;
				CLANG_WARN_OBJC_ROOT_CLASS = YES_ERROR;
				CLANG_WARN_QUOTED_INCLUDE_IN_FRAMEWORK_HEADER = YES;
				CLANG_WARN_RANGE_LOOP_ANALYSIS = YES;
				CLANG_WARN_STRICT_PROTOTYPES = YES;
				CLANG_WARN_SUSPICIOUS_MOVE = YES;
				CLANG_WARN_UNGUARDED_AVAILABILITY = YES_AGGRESSIVE;
				CLANG_WARN_UNREACHABLE_CODE = YES;
				CLANG_WARN__DUPLICATE_METHOD_MATCH = YES;
				COPY_PHASE_STRIP = NO;
				DEBUG_INFORMATION_FORMAT = dwarf;
				ENABLE_STRICT_OBJC_MSGSEND = YES;
				ENABLE_TESTABILITY = YES;
				GCC_C_LANGUAGE_STANDARD = gnu11;
				GCC_DYNAMIC_NO_PIC = NO;
				GCC_NO_COMMON_BLOCKS = YES;
				GCC_OPTIMIZATION_LEVEL = 0;
				GCC_PREPROCESSOR_DEFINITIONS = (
					"$(inherited)",
					"DEBUG=1",
				);
				GCC_WARN_64_TO_32_BIT_CONVERSION = YES;
				GCC_WARN_ABOUT_RETURN_TYPE = YES_ERROR;
				GCC_WARN_UNDECLARED_SELECTOR = YES;
				GCC_WARN_UNINITIALIZED_AUTOS = YES_AGGRESSIVE;
				GCC_WARN_UNUSED_FUNCTION = YES;
				GCC_WARN_UNUSED_VARIABLE = YES;
				IPHONEOS_DEPLOYMENT_TARGET = 16.0;
				MTL_ENABLE_DEBUG_INFO = INCLUDE_SOURCE;
				MTL_FAST_MATH = YES;
				ONLY_ACTIVE_ARCH = YES;
				PRODUCT_NAME = "$(TARGET_NAME)";
				SDKROOT = iphoneos;
				SWIFT_ACTIVE_COMPILATION_CONDITIONS = DEBUG;
				SWIFT_OPTIMIZATION_LEVEL = "-Onone";
				SWIFT_VERSION = 5.9;
			};
			name = Debug;
		};
		CA4C2F79149E523689BCECD4 /* Debug */ = {
			isa = XCBuildConfiguration;
			buildSettings = {
				ASSETCATALOG_COMPILER_APPICON_NAME = AppIcon;
				CODE_SIGN_ENTITLEMENTS = TazaApp/TazaApp.entitlements;
				CODE_SIGN_IDENTITY = "iPhone Developer";
				FRAMEWORK_SEARCH_PATHS = (
					"$(inherited)",
					"\".\"",
				);
				INFOPLIST_FILE = TazaApp/Info.plist;
				LD_RUNPATH_SEARCH_PATHS = (
					"$(inherited)",
					"@executable_path/Frameworks",
				);
				PRODUCT_BUNDLE_IDENTIFIER = io.danuel.taza.TazaApp;
				SDKROOT = iphoneos;
				TARGETED_DEVICE_FAMILY = "1,2";
			};
			name = Debug;
		};
/* End XCBuildConfiguration section */

/* Begin XCConfigurationList section */
		36CFDD778A993F861BA7E193 /* Build configuration list for PBXProject "Taza" */ = {
			isa = XCConfigurationList;
			buildConfigurations = (
				C09559B3A1452CE1643937DF /* Debug */,
				61A92C1BF6E7FB05FB8DB1A7 /* Release */,
			);
			defaultConfigurationIsVisible = 0;
			defaultConfigurationName = Debug;
		};
		7A8FB370418C178AD2421523 /* Build configuration list for PBXNativeTarget "TazaTests" */ = {
			isa = XCConfigurationList;
			buildConfigurations = (
				1BD0C95F3915E92B17875B7F /* Debug */,
				50D020418D13C926F4D6B3EB /* Release */,
			);
			defaultConfigurationIsVisible = 0;
			defaultConfigurationName = Debug;
		};
		809A81F11C93CC2C58AFA39D /* Build configuration list for PBXNativeTarget "TazaKeyboard" */ = {
			isa = XCConfigurationList;
			buildConfigurations = (
				006DA97AB8D61713B6938B41 /* Debug */,
				09486F20A782C4AF3704B525 /* Release */,
			);
			defaultConfigurationIsVisible = 0;
			defaultConfigurationName = Debug;
		};
		FF6F6D367477BEE9B6971297 /* Build configuration list for PBXNativeTarget "TazaApp" */ = {
			isa = XCConfigurationList;
			buildConfigurations = (
				CA4C2F79149E523689BCECD4 /* Debug */,
				BF48F21B19F059FFB5C8F8AF /* Release */,
			);
			defaultConfigurationIsVisible = 0;
			defaultConfigurationName = Debug;
		};
/* End XCConfigurationList section */
	};
	rootObject = FC2558B2212EBAD8707B3E9B /* Project object */;
}
